{
  "version": 4,
  "terraform_version": "1.7.2",
  "serial": 9,
  "lineage": "d52fd2ff-9d70-5f1f-a785-1d213ae4c41a",
  "outputs": {
    "webapp_ips": {
      "value": "20.61.134.208,20.61.134.217,20.61.134.232,20.61.134.244,20.61.134.247,20.61.131.61,52.137.59.51,52.137.60.152,20.61.133.229,20.61.133.232,20.61.133.245,20.61.133.246,20.105.216.44",
      "type": "string"
    },
    "webapp_url": {
      "value": "task-board-86673.azurewebsites.net",
      "type": "string"
    }
  },
  "resources": [
    {
      "mode": "managed",
      "type": "azurerm_app_service_source_control",
      "name": "github",
      "provider": "provider[\"registry.terraform.io/hashicorp/azurerm\"]",
      "instances": [
        {
          "schema_version": 0,
          "attributes": {
            "app_id": "/subscriptions/824e2f4f-56aa-40fa-8eb3-2b00548bf2c7/resourceGroups/TaskBoardBg-86673/providers/Microsoft.Web/sites/task-board-86673",
            "branch": "main",
            "github_action_configuration": [],
            "id": "/subscriptions/824e2f4f-56aa-40fa-8eb3-2b00548bf2c7/resourceGroups/TaskBoardBg-86673/providers/Microsoft.Web/sites/task-board-86673",
            "repo_url": "https://github.com/xzikoto/Exam2Task2",
            "rollback_enabled": false,
            "scm_type": "ExternalGit",
            "timeouts": null,
            "use_local_git": false,
            "use_manual_integration": true,
            "use_mercurial": false,
            "uses_github_action": false
          },
          "sensitive_attributes": [],
          "private": "eyJlMmJmYjczMC1lY2FhLTExZTYtOGY4OC0zNDM2M2JjN2M0YzAiOnsiY3JlYXRlIjoxODAwMDAwMDAwMDAwLCJkZWxldGUiOjE4MDAwMDAwMDAwMDAsInJlYWQiOjMwMDAwMDAwMDAwMH19",
          "dependencies": [
            "azurerm_linux_web_app.alwa",
            "azurerm_mssql_database.database",
            "azurerm_mssql_server.mssql",
            "azurerm_resource_group.rg",
            "azurerm_service_plan.asp",
            "random_integer.ri"
          ]
        }
      ]
    },
    {
      "mode": "managed",
      "type": "azurerm_linux_web_app",
      "name": "alwa",
      "provider": "provider[\"registry.terraform.io/hashicorp/azurerm\"]",
      "instances": [
        {
          "schema_version": 0,
          "attributes": {
            "app_settings": null,
            "auth_settings": [
              {
                "active_directory": [],
                "additional_login_parameters": {},
                "allowed_external_redirect_urls": [],
                "default_provider": "",
                "enabled": false,
                "facebook": [],
                "github": [],
                "google": [],
                "issuer": "",
                "microsoft": [],
                "runtime_version": "",
                "token_refresh_extension_hours": 0,
                "token_store_enabled": false,
                "twitter": [],
                "unauthenticated_client_action": ""
              }
            ],
            "backup": [],
            "client_affinity_enabled": false,
            "client_certificate_enabled": false,
            "client_certificate_mode": "Required",
            "connection_string": [
              {
                "name": "DefaultConnection",
                "type": "SQLAzure",
                "value": "Data Source=tcp:task-board-sql86673.database.windows.net,1433;Initial Catalog=TaskBoardDb86673;User ID=4dm1n157r470r;Password=4-v3ry-53cr37-p455w0rd;Trusted_Connection=False; MultipleActiveResultSets=True;"
              }
            ],
            "custom_domain_verification_id": "372B372A6C216F36539727DFD79188CE35619BA36BC45D6EBD86F949EB50FBC3",
            "default_hostname": "task-board-86673.azurewebsites.net",
            "enabled": true,
            "https_only": false,
            "id": "/subscriptions/824e2f4f-56aa-40fa-8eb3-2b00548bf2c7/resourceGroups/TaskBoardBg-86673/providers/Microsoft.Web/sites/task-board-86673",
            "identity": [],
            "key_vault_reference_identity_id": "SystemAssigned",
            "kind": "app,linux",
            "location": "westeurope",
            "logs": [],
            "name": "task-board-86673",
            "outbound_ip_address_list": [
              "20.61.134.208",
              "20.61.134.217",
              "20.61.134.232",
              "20.61.134.244",
              "20.61.134.247",
              "20.61.131.61",
              "52.137.59.51",
              "52.137.60.152",
              "20.61.133.229",
              "20.61.133.232",
              "20.61.133.245",
              "20.61.133.246",
              "20.105.216.44"
            ],
            "outbound_ip_addresses": "20.61.134.208,20.61.134.217,20.61.134.232,20.61.134.244,20.61.134.247,20.61.131.61,52.137.59.51,52.137.60.152,20.61.133.229,20.61.133.232,20.61.133.245,20.61.133.246,20.105.216.44",
            "possible_outbound_ip_address_list": [
              "20.61.134.208",
              "20.61.134.217",
              "20.61.134.232",
              "20.61.134.244",
              "20.61.134.247",
              "20.61.131.61",
              "52.137.59.51",
              "52.137.60.152",
              "20.61.133.229",
              "20.61.133.232",
              "20.61.133.245",
              "20.61.133.246",
              "20.61.134.15",
              "20.61.134.32",
              "20.61.134.37",
              "20.61.134.40",
              "20.61.134.58",
              "20.61.134.101",
              "20.61.134.107",
              "20.61.134.114",
              "20.61.134.123",
              "20.61.134.147",
              "20.61.134.175",
              "20.61.134.182",
              "20.61.134.208",
              "20.61.134.217",
              "20.61.134.232",
              "20.61.134.244",
              "20.61.134.247",
              "20.61.131.61",
              "20.61.134.252",
              "20.61.134.254",
              "20.61.135.10",
              "20.61.135.21",
              "20.61.135.29",
              "20.61.135.226",
              "20.105.216.44"
            ],
            "possible_outbound_ip_addresses": "20.61.134.208,20.61.134.217,20.61.134.232,20.61.134.244,20.61.134.247,20.61.131.61,52.137.59.51,52.137.60.152,20.61.133.229,20.61.133.232,20.61.133.245,20.61.133.246,20.61.134.15,20.61.134.32,20.61.134.37,20.61.134.40,20.61.134.58,20.61.134.101,20.61.134.107,20.61.134.114,20.61.134.123,20.61.134.147,20.61.134.175,20.61.134.182,20.61.134.208,20.61.134.217,20.61.134.232,20.61.134.244,20.61.134.247,20.61.131.61,20.61.134.252,20.61.134.254,20.61.135.10,20.61.135.21,20.61.135.29,20.61.135.226,20.105.216.44",
            "resource_group_name": "TaskBoardBg-86673",
            "service_plan_id": "/subscriptions/824e2f4f-56aa-40fa-8eb3-2b00548bf2c7/resourceGroups/TaskBoardBg-86673/providers/Microsoft.Web/serverfarms/task-board-plan-86673",
            "site_config": [
              {
                "always_on": false,
                "api_definition_url": "",
                "api_management_api_id": "",
                "app_command_line": "",
                "application_stack": [
                  {
                    "docker_image": "",
                    "docker_image_tag": "",
                    "dotnet_version": "6.0",
                    "java_server": "",
                    "java_server_version": "",
                    "java_version": "",
                    "node_version": "",
                    "php_version": "",
                    "python_version": "",
                    "ruby_version": ""
                  }
                ],
                "auto_heal_enabled": false,
                "auto_heal_setting": [],
                "container_registry_managed_identity_client_id": "",
                "container_registry_use_managed_identity": false,
                "cors": [],
                "default_documents": [
                  "Default.htm",
                  "Default.html",
                  "Default.asp",
                  "index.htm",
                  "index.html",
                  "iisstart.htm",
                  "default.aspx",
                  "index.php",
                  "hostingstart.html"
                ],
                "detailed_error_logging_enabled": false,
                "ftps_state": "Disabled",
                "health_check_eviction_time_in_min": 0,
                "health_check_path": "",
                "http2_enabled": false,
                "ip_restriction": [],
                "linux_fx_version": "DOTNETCORE|6.0",
                "load_balancing_mode": "LeastRequests",
                "local_mysql_enabled": false,
                "managed_pipeline_mode": "Integrated",
                "minimum_tls_version": "1.2",
                "remote_debugging_enabled": false,
                "remote_debugging_version": "VS2019",
                "scm_ip_restriction": [],
                "scm_minimum_tls_version": "1.2",
                "scm_type": "None",
                "scm_use_main_ip_restriction": false,
                "use_32_bit_worker": true,
                "vnet_route_all_enabled": false,
                "websockets_enabled": false,
                "worker_count": 1
              }
            ],
            "site_credential": [
              {
                "name": "$task-board-86673",
                "password": "4P2aNBhi5odobkGLuqdlrfqk0k0d9Z5XxoD0ufrhq1Xelk5dZf908RNNqutX"
              }
            ],
            "storage_account": [],
            "tags": null,
            "timeouts": null
          },
          "sensitive_attributes": [
            [
              {
                "type": "get_attr",
                "value": "connection_string"
              }
            ]
          ],
          "private": "eyJlMmJmYjczMC1lY2FhLTExZTYtOGY4OC0zNDM2M2JjN2M0YzAiOnsiY3JlYXRlIjoxODAwMDAwMDAwMDAwLCJkZWxldGUiOjE4MDAwMDAwMDAwMDAsInJlYWQiOjMwMDAwMDAwMDAwMCwidXBkYXRlIjoxODAwMDAwMDAwMDAwfX0=",
          "dependencies": [
            "azurerm_mssql_database.database",
            "azurerm_mssql_server.mssql",
            "azurerm_resource_group.rg",
            "azurerm_service_plan.asp",
            "random_integer.ri"
          ]
        }
      ]
    },
    {
      "mode": "managed",
      "type": "azurerm_mssql_database",
      "name": "database",
      "provider": "provider[\"registry.terraform.io/hashicorp/azurerm\"]",
      "instances": [
        {
          "schema_version": 1,
          "attributes": {
            "auto_pause_delay_in_minutes": 0,
            "collation": "SQL_Latin1_General_CP1_CI_AS",
            "create_mode": "Default",
            "creation_source_database_id": null,
            "elastic_pool_id": "",
            "geo_backup_enabled": true,
            "id": "/subscriptions/824e2f4f-56aa-40fa-8eb3-2b00548bf2c7/resourceGroups/TaskBoardBg-86673/providers/Microsoft.Sql/servers/task-board-sql86673/databases/TaskBoardDb86673",
            "license_type": "",
            "long_term_retention_policy": [
              {
                "monthly_retention": "PT0S",
                "week_of_year": 0,
                "weekly_retention": "PT0S",
                "yearly_retention": "PT0S"
              }
            ],
            "max_size_gb": 2,
            "min_capacity": 0,
            "name": "TaskBoardDb86673",
            "read_replica_count": 0,
            "read_scale": false,
            "recover_database_id": null,
            "restore_dropped_database_id": null,
            "restore_point_in_time": null,
            "sample_name": null,
            "server_id": "/subscriptions/824e2f4f-56aa-40fa-8eb3-2b00548bf2c7/resourceGroups/TaskBoardBg-86673/providers/Microsoft.Sql/servers/task-board-sql86673",
            "short_term_retention_policy": [
              {
                "retention_days": 7
              }
            ],
            "sku_name": "S0",
            "storage_account_type": "Geo",
            "tags": null,
            "threat_detection_policy": [
              {
                "disabled_alerts": [],
                "email_account_admins": "Disabled",
                "email_addresses": [],
                "retention_days": 0,
                "state": "Disabled",
                "storage_account_access_key": "",
                "storage_endpoint": ""
              }
            ],
            "timeouts": null,
            "transparent_data_encryption_enabled": true,
            "zone_redundant": false
          },
          "sensitive_attributes": [],
          "private": "eyJlMmJmYjczMC1lY2FhLTExZTYtOGY4OC0zNDM2M2JjN2M0YzAiOnsiY3JlYXRlIjozNjAwMDAwMDAwMDAwLCJkZWxldGUiOjM2MDAwMDAwMDAwMDAsInJlYWQiOjMwMDAwMDAwMDAwMCwidXBkYXRlIjozNjAwMDAwMDAwMDAwfSwic2NoZW1hX3ZlcnNpb24iOiIxIn0=",
          "dependencies": [
            "azurerm_mssql_server.mssql",
            "azurerm_resource_group.rg",
            "random_integer.ri"
          ]
        }
      ]
    },
    {
      "mode": "managed",
      "type": "azurerm_mssql_firewall_rule",
      "name": "example",
      "provider": "provider[\"registry.terraform.io/hashicorp/azurerm\"]",
      "instances": [
        {
          "schema_version": 0,
          "attributes": {
            "end_ip_address": "0.0.0.0",
            "id": "/subscriptions/824e2f4f-56aa-40fa-8eb3-2b00548bf2c7/resourceGroups/TaskBoardBg-86673/providers/Microsoft.Sql/servers/task-board-sql86673/firewallRules/FirewallRule",
            "name": "FirewallRule",
            "server_id": "/subscriptions/824e2f4f-56aa-40fa-8eb3-2b00548bf2c7/resourceGroups/TaskBoardBg-86673/providers/Microsoft.Sql/servers/task-board-sql86673",
            "start_ip_address": "0.0.0.0",
            "timeouts": null
          },
          "sensitive_attributes": [],
          "private": "eyJlMmJmYjczMC1lY2FhLTExZTYtOGY4OC0zNDM2M2JjN2M0YzAiOnsiY3JlYXRlIjoxODAwMDAwMDAwMDAwLCJkZWxldGUiOjE4MDAwMDAwMDAwMDAsInJlYWQiOjMwMDAwMDAwMDAwMCwidXBkYXRlIjoxODAwMDAwMDAwMDAwfX0=",
          "dependencies": [
            "azurerm_mssql_server.mssql",
            "azurerm_resource_group.rg",
            "random_integer.ri"
          ]
        }
      ]
    },
    {
      "mode": "managed",
      "type": "azurerm_mssql_server",
      "name": "mssql",
      "provider": "provider[\"registry.terraform.io/hashicorp/azurerm\"]",
      "instances": [
        {
          "schema_version": 0,
          "attributes": {
            "administrator_login": "4dm1n157r470r",
            "administrator_login_password": "4-v3ry-53cr37-p455w0rd",
            "azuread_administrator": [],
            "connection_policy": "Default",
            "fully_qualified_domain_name": "task-board-sql86673.database.windows.net",
            "id": "/subscriptions/824e2f4f-56aa-40fa-8eb3-2b00548bf2c7/resourceGroups/TaskBoardBg-86673/providers/Microsoft.Sql/servers/task-board-sql86673",
            "identity": [],
            "location": "westeurope",
            "minimum_tls_version": "1.2",
            "name": "task-board-sql86673",
            "outbound_network_restriction_enabled": false,
            "primary_user_assigned_identity_id": "",
            "public_network_access_enabled": true,
            "resource_group_name": "TaskBoardBg-86673",
            "restorable_dropped_database_ids": [],
            "tags": null,
            "timeouts": null,
            "version": "12.0"
          },
          "sensitive_attributes": [],
          "private": "eyJlMmJmYjczMC1lY2FhLTExZTYtOGY4OC0zNDM2M2JjN2M0YzAiOnsiY3JlYXRlIjozNjAwMDAwMDAwMDAwLCJkZWxldGUiOjM2MDAwMDAwMDAwMDAsInJlYWQiOjMwMDAwMDAwMDAwMCwidXBkYXRlIjozNjAwMDAwMDAwMDAwfX0=",
          "dependencies": [
            "azurerm_resource_group.rg",
            "random_integer.ri"
          ]
        }
      ]
    },
    {
      "mode": "managed",
      "type": "azurerm_resource_group",
      "name": "rg",
      "provider": "provider[\"registry.terraform.io/hashicorp/azurerm\"]",
      "instances": [
        {
          "schema_version": 0,
          "attributes": {
            "id": "/subscriptions/824e2f4f-56aa-40fa-8eb3-2b00548bf2c7/resourceGroups/TaskBoardBg-86673",
            "location": "westeurope",
            "name": "TaskBoardBg-86673",
            "tags": null,
            "timeouts": null
          },
          "sensitive_attributes": [],
          "private": "eyJlMmJmYjczMC1lY2FhLTExZTYtOGY4OC0zNDM2M2JjN2M0YzAiOnsiY3JlYXRlIjo1NDAwMDAwMDAwMDAwLCJkZWxldGUiOjU0MDAwMDAwMDAwMDAsInJlYWQiOjMwMDAwMDAwMDAwMCwidXBkYXRlIjo1NDAwMDAwMDAwMDAwfX0=",
          "dependencies": [
            "random_integer.ri"
          ]
        }
      ]
    },
    {
      "mode": "managed",
      "type": "azurerm_service_plan",
      "name": "asp",
      "provider": "provider[\"registry.terraform.io/hashicorp/azurerm\"]",
      "instances": [
        {
          "schema_version": 0,
          "attributes": {
            "app_service_environment_id": "",
            "id": "/subscriptions/824e2f4f-56aa-40fa-8eb3-2b00548bf2c7/resourceGroups/TaskBoardBg-86673/providers/Microsoft.Web/serverfarms/task-board-plan-86673",
            "kind": "linux",
            "location": "westeurope",
            "maximum_elastic_worker_count": 1,
            "name": "task-board-plan-86673",
            "os_type": "Linux",
            "per_site_scaling_enabled": false,
            "reserved": true,
            "resource_group_name": "TaskBoardBg-86673",
            "sku_name": "F1",
            "tags": null,
            "timeouts": null,
            "worker_count": 1
          },
          "sensitive_attributes": [],
          "private": "eyJlMmJmYjczMC1lY2FhLTExZTYtOGY4OC0zNDM2M2JjN2M0YzAiOnsiY3JlYXRlIjozNjAwMDAwMDAwMDAwLCJkZWxldGUiOjM2MDAwMDAwMDAwMDAsInJlYWQiOjMwMDAwMDAwMDAwMCwidXBkYXRlIjozNjAwMDAwMDAwMDAwfX0=",
          "dependencies": [
            "azurerm_resource_group.rg",
            "random_integer.ri"
          ]
        }
      ]
    },
    {
      "mode": "managed",
      "type": "random_integer",
      "name": "ri",
      "provider": "provider[\"registry.terraform.io/hashicorp/random\"]",
      "instances": [
        {
          "schema_version": 0,
          "attributes": {
            "id": "86673",
            "keepers": null,
            "max": 99000,
            "min": 10000,
            "result": 86673,
            "seed": null
          },
          "sensitive_attributes": []
        }
      ]
    }
  ],
  "check_results": null
}
